
Microsoft Visual Studio Solution File, Format Version 12.00
# Visual Studio Version 16
VisualStudioVersion = 16.0.29020.237
MinimumVisualStudioVersion = 10.0.40219.1
Project("{9A19103F-16F7-4668-BE54-9A1E7A4F7556}") = "Example", "Example\Example.csproj", "{668D0E2B-B577-48CB-BC21-87D6E171799B}"
EndProject
Project("{9A19103F-16F7-4668-BE54-9A1E7A4F7556}") = "ScorpioCommons", "ScorpioCommons\ScorpioCommons.csproj", "{CAEB463C-3043-41A7-9A12-2E4CB1DF0CE2}"
EndProject
Global
	GlobalSection(SolutionConfigurationPlatforms) = preSolution
		Debug|Any CPU = Debug|Any CPU
		Release|Any CPU = Release|Any CPU
	EndGlobalSection
	GlobalSection(ProjectConfigurationPlatforms) = postSolution
		{668D0E2B-B577-48CB-BC21-87D6E171799B}.Debug|Any CPU.ActiveCfg = Debug|Any CPU
		{668D0E2B-B577-48CB-BC21-87D6E171799B}.Debug|Any CPU.Build.0 = Debug|Any CPU
		{668D0E2B-B577-48CB-BC21-87D6E171799B}.Release|Any CPU.ActiveCfg = Release|Any CPU
		{668D0E2B-B577-48CB-BC21-87D6E171799B}.Release|Any CPU.Build.0 = Release|Any CPU
		{CAEB463C-3043-41A7-9A12-2E4CB1DF0CE2}.Debug|Any CPU.ActiveCfg = Debug|Any CPU
		{CAEB463C-3043-41A7-9A12-2E4CB1DF0CE2}.Debug|Any CPU.Build.0 = Debug|Any CPU
		{CAEB463C-3043-41A7-9A12-2E4CB1DF0CE2}.Release|Any CPU.ActiveCfg = Release|Any CPU
		{CAEB463C-3043-41A7-9A12-2E4CB1DF0CE2}.Release|Any CPU.Build.0 = Release|Any CPU
	EndGlobalSection
	GlobalSection(SolutionProperties) = preSolution
		HideSolutionNode = FALSE
	EndGlobalSection
	GlobalSection(ExtensibilityGlobals) = postSolution
		SolutionGuid = {62200CEC-D663-43D2-8337-F2516CA72D0A}
	EndGlobalSection
EndGlobal
