
Microsoft Visual Studio Solution File, Format Version 12.00
# Visual Studio 15
VisualStudioVersion = 15.0.28010.2019
MinimumVisualStudioVersion = 10.0.40219.1
Project("{9A19103F-16F7-4668-BE54-9A1E7A4F7556}") = "ScorpioCommons", "ScorpioCommons.csproj", "{2BA73BE3-949B-4983-96A4-AEE5C4B2B533}"
EndProject
Global
	GlobalSection(SolutionConfigurationPlatforms) = preSolution
		Debug|Any CPU = Debug|Any CPU
		Release|Any CPU = Release|Any CPU
	EndGlobalSection
	GlobalSection(ProjectConfigurationPlatforms) = postSolution
		{2BA73BE3-949B-4983-96A4-AEE5C4B2B533}.Debug|Any CPU.ActiveCfg = Debug|Any CPU
		{2BA73BE3-949B-4983-96A4-AEE5C4B2B533}.Debug|Any CPU.Build.0 = Debug|Any CPU
		{2BA73BE3-949B-4983-96A4-AEE5C4B2B533}.Release|Any CPU.ActiveCfg = Release|Any CPU
		{2BA73BE3-949B-4983-96A4-AEE5C4B2B533}.Release|Any CPU.Build.0 = Release|Any CPU
	EndGlobalSection
	GlobalSection(SolutionProperties) = preSolution
		HideSolutionNode = FALSE
	EndGlobalSection
	GlobalSection(ExtensibilityGlobals) = postSolution
		SolutionGuid = {62200CEC-D663-43D2-8337-F2516CA72D0A}
	EndGlobalSection
EndGlobal
